
Microsoft Visual Studio Solution File, Format Version 12.00
# Visual Studio 15
VisualStudioVersion = 15.0.27428.2037
MinimumVisualStudioVersion = 10.0.40219.1
Project("{8BC9CEB8-8B4A-11D0-8D11-00A0C91BC942}") = "MinAvgTwoSlice", "MinAvgTwoSlice\MinAvgTwoSlice.vcxproj", "{A4083D0F-B2B8-408E-922A-20B04B251C88}"
EndProject
Global
	GlobalSection(SolutionConfigurationPlatforms) = preSolution
		Debug|x64 = Debug|x64
		Debug|x86 = Debug|x86
		Release|x64 = Release|x64
		Release|x86 = Release|x86
	EndGlobalSection
	GlobalSection(ProjectConfigurationPlatforms) = postSolution
		{A4083D0F-B2B8-408E-922A-20B04B251C88}.Debug|x64.ActiveCfg = Debug|x64
		{A4083D0F-B2B8-408E-922A-20B04B251C88}.Debug|x64.Build.0 = Debug|x64
		{A4083D0F-B2B8-408E-922A-20B04B251C88}.Debug|x86.ActiveCfg = Debug|Win32
		{A4083D0F-B2B8-408E-922A-20B04B251C88}.Debug|x86.Build.0 = Debug|Win32
		{A4083D0F-B2B8-408E-922A-20B04B251C88}.Release|x64.ActiveCfg = Release|x64
		{A4083D0F-B2B8-408E-922A-20B04B251C88}.Release|x64.Build.0 = Release|x64
		{A4083D0F-B2B8-408E-922A-20B04B251C88}.Release|x86.ActiveCfg = Release|Win32
		{A4083D0F-B2B8-408E-922A-20B04B251C88}.Release|x86.Build.0 = Release|Win32
	EndGlobalSection
	GlobalSection(SolutionProperties) = preSolution
		HideSolutionNode = FALSE
	EndGlobalSection
	GlobalSection(ExtensibilityGlobals) = postSolution
		SolutionGuid = {60E8820A-47E3-4864-8CDE-B0E7A676AD09}
	EndGlobalSection
EndGlobal
